
Microsoft Visual Studio Solution File, Format Version 12.00
# Visual Studio Version 17
VisualStudioVersion = 17.11.35327.3
MinimumVisualStudioVersion = 10.0.40219.1
Project("{FAE04EC0-301F-11D3-BF4B-00C04F79EFBC}") = "VeriNesneOdev2", "VeriNesneOdev2.csproj", "{4419227B-CE28-429B-B4AC-C71EC1B42C09}"
EndProject
Project("{FAE04EC0-301F-11D3-BF4B-00C04F79EFBC}") = "Odev.Core", "..\Odev.Core\Odev.Core.csproj", "{FFD03F34-4AD2-4AA6-8A57-F91AF7D41E30}"
EndProject
Project("{FAE04EC0-301F-11D3-BF4B-00C04F79EFBC}") = "Odev.Altyapi", "..\Odev.Altyapi\Odev.Altyapi.csproj", "{B669BC92-70F1-401E-933B-553393EE9B66}"
EndProject
Global
	GlobalSection(SolutionConfigurationPlatforms) = preSolution
		Debug|Any CPU = Debug|Any CPU
		Release|Any CPU = Release|Any CPU
	EndGlobalSection
	GlobalSection(ProjectConfigurationPlatforms) = postSolution
		{4419227B-CE28-429B-B4AC-C71EC1B42C09}.Debug|Any CPU.ActiveCfg = Debug|Any CPU
		{4419227B-CE28-429B-B4AC-C71EC1B42C09}.Debug|Any CPU.Build.0 = Debug|Any CPU
		{4419227B-CE28-429B-B4AC-C71EC1B42C09}.Release|Any CPU.ActiveCfg = Release|Any CPU
		{4419227B-CE28-429B-B4AC-C71EC1B42C09}.Release|Any CPU.Build.0 = Release|Any CPU
		{FFD03F34-4AD2-4AA6-8A57-F91AF7D41E30}.Debug|Any CPU.ActiveCfg = Debug|Any CPU
		{FFD03F34-4AD2-4AA6-8A57-F91AF7D41E30}.Debug|Any CPU.Build.0 = Debug|Any CPU
		{FFD03F34-4AD2-4AA6-8A57-F91AF7D41E30}.Release|Any CPU.ActiveCfg = Release|Any CPU
		{FFD03F34-4AD2-4AA6-8A57-F91AF7D41E30}.Release|Any CPU.Build.0 = Release|Any CPU
		{B669BC92-70F1-401E-933B-553393EE9B66}.Debug|Any CPU.ActiveCfg = Debug|Any CPU
		{B669BC92-70F1-401E-933B-553393EE9B66}.Debug|Any CPU.Build.0 = Debug|Any CPU
		{B669BC92-70F1-401E-933B-553393EE9B66}.Release|Any CPU.ActiveCfg = Release|Any CPU
		{B669BC92-70F1-401E-933B-553393EE9B66}.Release|Any CPU.Build.0 = Release|Any CPU
	EndGlobalSection
	GlobalSection(SolutionProperties) = preSolution
		HideSolutionNode = FALSE
	EndGlobalSection
	GlobalSection(ExtensibilityGlobals) = postSolution
		SolutionGuid = {1CD0FA97-1BE6-472F-9AFE-6D5AA1B664F1}
	EndGlobalSection
EndGlobal
